{
  "name": "example",
  "version": "0.0.1",
  "lockfileVersion": 2,
  "requires": true,
  "packages": {
    "": {
      "name": "example",
      "version": "0.0.1",
      "license": "Apache-2.0",
      "dependencies": {
        "@metrist/metrist-agent": "^0.0.1"
      }
    },
    "node_modules/@metrist/metrist-agent": {
      "version": "0.0.1",
      "resolved": "https://registry.npmjs.org/@metrist/metrist-agent/-/metrist-agent-0.0.1.tgz",
      "integrity": "sha512-IprY0KrjIU/ZIVkE1h3Wfkq1L3efQh5z+7Yw4zjrI2F9gdnpkFWuZKxdbyc9MGAGjDLce7A9w7q3Xf/tFStOnA=="
    }
  },
  "dependencies": {
    "@metrist/metrist-agent": {
      "version": "0.0.1",
      "resolved": "https://registry.npmjs.org/@metrist/metrist-agent/-/metrist-agent-0.0.1.tgz",
      "integrity": "sha512-IprY0KrjIU/ZIVkE1h3Wfkq1L3efQh5z+7Yw4zjrI2F9gdnpkFWuZKxdbyc9MGAGjDLce7A9w7q3Xf/tFStOnA=="
    }
  }
}
